// !$*UTF8*$!
{
	archiveVersion = 1;
	classes = {
	};
	objectVersion = 56;
	objects = {

/* Begin PBXBuildFile section */
		96C452BB28EA81BF0027CA37 /* AppDelegate.swift in Sources */ = {isa = PBXBuildFile; fileRef = 96C452BA28EA81BF0027CA37 /* AppDelegate.swift */; };
		96C452BD28EA81BF0027CA37 /* SceneDelegate.swift in Sources */ = {isa = PBXBuildFile; fileRef = 96C452BC28EA81BF0027CA37 /* SceneDelegate.swift */; };
		96C452BF28EA81BF0027CA37 /* ViewController.swift in Sources */ = {isa = PBXBuildFile; fileRef = 96C452BE28EA81BF0027CA37 /* ViewController.swift */; };
		96C452C228EA81BF0027CA37 /* Main.storyboard in Resources */ = {isa = PBXBuildFile; fileRef = 96C452C028EA81BF0027CA37 /* Main.storyboard */; };
		96C452C428EA81C00027CA37 /* Assets.xcassets in Resources */ = {isa = PBXBuildFile; fileRef = 96C452C328EA81C00027CA37 /* Assets.xcassets */; };
		96C452C728EA81C00027CA37 /* LaunchScreen.storyboard in Resources */ = {isa = PBXBuildFile; fileRef = 96C452C528EA81C00027CA37 /* LaunchScreen.storyboard */; };
		96C452D528EA823B0027CA37 /* UnitTestTests.swift in Sources */ = {isa = PBXBuildFile; fileRef = 96C452D428EA823B0027CA37 /* UnitTestTests.swift */; };
		96C452DC28EA82AC0027CA37 /* Car.swift in Sources */ = {isa = PBXBuildFile; fileRef = 96C452DB28EA82AC0027CA37 /* Car.swift */; };
		96C452DE28EA846A0027CA37 /* CarTests.swift in Sources */ = {isa = PBXBuildFile; fileRef = 96C452DD28EA846A0027CA37 /* CarTests.swift */; };
/* End PBXBuildFile section */

/* Begin PBXContainerItemProxy section */
		96C452D628EA823B0027CA37 /* PBXContainerItemProxy */ = {
			isa = PBXContainerItemProxy;
			containerPortal = 96C452AF28EA81BF0027CA37 /* Project object */;
			proxyType = 1;
			remoteGlobalIDString = 96C452B628EA81BF0027CA37;
			remoteInfo = UnitTest;
		};
/* End PBXContainerItemProxy section */

/* Begin PBXFileReference section */
		96C452B728EA81BF0027CA37 /* UnitTest.app */ = {isa = PBXFileReference; explicitFileType = wrapper.application; includeInIndex = 0; path = UnitTest.app; sourceTree = BUILT_PRODUCTS_DIR; };
		96C452BA28EA81BF0027CA37 /* AppDelegate.swift */ = {isa = PBXFileReference; lastKnownFileType = sourcecode.swift; path = AppDelegate.swift; sourceTree = "<group>"; };
		96C452BC28EA81BF0027CA37 /* SceneDelegate.swift */ = {isa = PBXFileReference; lastKnownFileType = sourcecode.swift; path = SceneDelegate.swift; sourceTree = "<group>"; };
		96C452BE28EA81BF0027CA37 /* ViewController.swift */ = {isa = PBXFileReference; lastKnownFileType = sourcecode.swift; path = ViewController.swift; sourceTree = "<group>"; };
		96C452C128EA81BF0027CA37 /* Base */ = {isa = PBXFileReference; lastKnownFileType = file.storyboard; name = Base; path = Base.lproj/Main.storyboard; sourceTree = "<group>"; };
		96C452C328EA81C00027CA37 /* Assets.xcassets */ = {isa = PBXFileReference; lastKnownFileType = folder.assetcatalog; path = Assets.xcassets; sourceTree = "<group>"; };
		96C452C628EA81C00027CA37 /* Base */ = {isa = PBXFileReference; lastKnownFileType = file.storyboard; name = Base; path = Base.lproj/LaunchScreen.storyboard; sourceTree = "<group>"; };
		96C452C828EA81C00027CA37 /* Info.plist */ = {isa = PBXFileReference; lastKnownFileType = text.plist.xml; path = Info.plist; sourceTree = "<group>"; };
		96C452D228EA823B0027CA37 /* UnitTestTests.xctest */ = {isa = PBXFileReference; explicitFileType = wrapper.cfbundle; includeInIndex = 0; path = UnitTestTests.xctest; sourceTree = BUILT_PRODUCTS_DIR; };
		96C452D428EA823B0027CA37 /* UnitTestTests.swift */ = {isa = PBXFileReference; lastKnownFileType = sourcecode.swift; path = UnitTestTests.swift; sourceTree = "<group>"; };
		96C452DB28EA82AC0027CA37 /* Car.swift */ = {isa = PBXFileReference; lastKnownFileType = sourcecode.swift; path = Car.swift; sourceTree = "<group>"; };
		96C452DD28EA846A0027CA37 /* CarTests.swift */ = {isa = PBXFileReference; lastKnownFileType = sourcecode.swift; path = CarTests.swift; sourceTree = "<group>"; };
/* End PBXFileReference section */

/* Begin PBXFrameworksBuildPhase section */
		96C452B428EA81BF0027CA37 /* Frameworks */ = {
			isa = PBXFrameworksBuildPhase;
			buildActionMask = 2147483647;
			files = (
			);
			runOnlyForDeploymentPostprocessing = 0;
		};
		96C452CF28EA823B0027CA37 /* Frameworks */ = {
			isa = PBXFrameworksBuildPhase;
			buildActionMask = 2147483647;
			files = (
			);
			runOnlyForDeploymentPostprocessing = 0;
		};
/* End PBXFrameworksBuildPhase section */

/* Begin PBXGroup section */
		96C452AE28EA81BF0027CA37 = {
			isa = PBXGroup;
			children = (
				96C452B928EA81BF0027CA37 /* UnitTest */,
				96C452D328EA823B0027CA37 /* UnitTestTests */,
				96C452B828EA81BF0027CA37 /* Products */,
			);
			sourceTree = "<group>";
		};
		96C452B828EA81BF0027CA37 /* Products */ = {
			isa = PBXGroup;
			children = (
				96C452B728EA81BF0027CA37 /* UnitTest.app */,
				96C452D228EA823B0027CA37 /* UnitTestTests.xctest */,
			);
			name = Products;
			sourceTree = "<group>";
		};
		96C452B928EA81BF0027CA37 /* UnitTest */ = {
			isa = PBXGroup;
			children = (
				96C452BA28EA81BF0027CA37 /* AppDelegate.swift */,
				96C452BC28EA81BF0027CA37 /* SceneDelegate.swift */,
				96C452BE28EA81BF0027CA37 /* ViewController.swift */,
				96C452C028EA81BF0027CA37 /* Main.storyboard */,
				96C452C328EA81C00027CA37 /* Assets.xcassets */,
				96C452C528EA81C00027CA37 /* LaunchScreen.storyboard */,
				96C452C828EA81C00027CA37 /* Info.plist */,
				96C452DB28EA82AC0027CA37 /* Car.swift */,
			);
			path = UnitTest;
			sourceTree = "<group>";
		};
		96C452D328EA823B0027CA37 /* UnitTestTests */ = {
			isa = PBXGroup;
			children = (
				96C452D428EA823B0027CA37 /* UnitTestTests.swift */,
				96C452DD28EA846A0027CA37 /* CarTests.swift */,
			);
			path = UnitTestTests;
			sourceTree = "<group>";
		};
/* End PBXGroup section */

/* Begin PBXNativeTarget section */
		96C452B628EA81BF0027CA37 /* UnitTest */ = {
			isa = PBXNativeTarget;
			buildConfigurationList = 96C452CB28EA81C00027CA37 /* Build configuration list for PBXNativeTarget "UnitTest" */;
			buildPhases = (
				96C452B328EA81BF0027CA37 /* Sources */,
				96C452B428EA81BF0027CA37 /* Frameworks */,
				96C452B528EA81BF0027CA37 /* Resources */,
			);
			buildRules = (
			);
			dependencies = (
			);
			name = UnitTest;
			productName = UnitTest;
			productReference = 96C452B728EA81BF0027CA37 /* UnitTest.app */;
			productType = "com.apple.product-type.application";
		};
		96C452D128EA823B0027CA37 /* UnitTestTests */ = {
			isa = PBXNativeTarget;
			buildConfigurationList = 96C452D828EA823B0027CA37 /* Build configuration list for PBXNativeTarget "UnitTestTests" */;
			buildPhases = (
				96C452CE28EA823B0027CA37 /* Sources */,
				96C452CF28EA823B0027CA37 /* Frameworks */,
				96C452D028EA823B0027CA37 /* Resources */,
			);
			buildRules = (
			);
			dependencies = (
				96C452D728EA823B0027CA37 /* PBXTargetDependency */,
			);
			name = UnitTestTests;
			productName = UnitTestTests;
			productReference = 96C452D228EA823B0027CA37 /* UnitTestTests.xctest */;
			productType = "com.apple.product-type.bundle.unit-test";
		};
/* End PBXNativeTarget section */

/* Begin PBXProject section */
		96C452AF28EA81BF0027CA37 /* Project object */ = {
			isa = PBXProject;
			attributes = {
				BuildIndependentTargetsInParallel = 1;
				LastSwiftUpdateCheck = 1400;
				LastUpgradeCheck = 1400;
				TargetAttributes = {
					96C452B628EA81BF0027CA37 = {
						CreatedOnToolsVersion = 14.0;
					};
					96C452D128EA823B0027CA37 = {
						CreatedOnToolsVersion = 14.0;
						TestTargetID = 96C452B628EA81BF0027CA37;
					};
				};
			};
			buildConfigurationList = 96C452B228EA81BF0027CA37 /* Build configuration list for PBXProject "UnitTest" */;
			compatibilityVersion = "Xcode 14.0";
			developmentRegion = en;
			hasScannedForEncodings = 0;
			knownRegions = (
				en,
				Base,
			);
			mainGroup = 96C452AE28EA81BF0027CA37;
			productRefGroup = 96C452B828EA81BF0027CA37 /* Products */;
			projectDirPath = "";
			projectRoot = "";
			targets = (
				96C452B628EA81BF0027CA37 /* UnitTest */,
				96C452D128EA823B0027CA37 /* UnitTestTests */,
			);
		};
/* End PBXProject section */

/* Begin PBXResourcesBuildPhase section */
		96C452B528EA81BF0027CA37 /* Resources */ = {
			isa = PBXResourcesBuildPhase;
			buildActionMask = 2147483647;
			files = (
				96C452C728EA81C00027CA37 /* LaunchScreen.storyboard in Resources */,
				96C452C428EA81C00027CA37 /* Assets.xcassets in Resources */,
				96C452C228EA81BF0027CA37 /* Main.storyboard in Resources */,
			);
			runOnlyForDeploymentPostprocessing = 0;
		};
		96C452D028EA823B0027CA37 /* Resources */ = {
			isa = PBXResourcesBuildPhase;
			buildActionMask = 2147483647;
			files = (
			);
			runOnlyForDeploymentPostprocessing = 0;
		};
/* End PBXResourcesBuildPhase section */

/* Begin PBXSourcesBuildPhase section */
		96C452B328EA81BF0027CA37 /* Sources */ = {
			isa = PBXSourcesBuildPhase;
			buildActionMask = 2147483647;
			files = (
				96C452BF28EA81BF0027CA37 /* ViewController.swift in Sources */,
				96C452BB28EA81BF0027CA37 /* AppDelegate.swift in Sources */,
				96C452DC28EA82AC0027CA37 /* Car.swift in Sources */,
				96C452BD28EA81BF0027CA37 /* SceneDelegate.swift in Sources */,
			);
			runOnlyForDeploymentPostprocessing = 0;
		};
		96C452CE28EA823B0027CA37 /* Sources */ = {
			isa = PBXSourcesBuildPhase;
			buildActionMask = 2147483647;
			files = (
				96C452DE28EA846A0027CA37 /* CarTests.swift in Sources */,
				96C452D528EA823B0027CA37 /* UnitTestTests.swift in Sources */,
			);
			runOnlyForDeploymentPostprocessing = 0;
		};
/* End PBXSourcesBuildPhase section */

/* Begin PBXTargetDependency section */
		96C452D728EA823B0027CA37 /* PBXTargetDependency */ = {
			isa = PBXTargetDependency;
			target = 96C452B628EA81BF0027CA37 /* UnitTest */;
			targetProxy = 96C452D628EA823B0027CA37 /* PBXContainerItemProxy */;
		};
/* End PBXTargetDependency section */

/* Begin PBXVariantGroup section */
		96C452C028EA81BF0027CA37 /* Main.storyboard */ = {
			isa = PBXVariantGroup;
			children = (
				96C452C128EA81BF0027CA37 /* Base */,
			);
			name = Main.storyboard;
			sourceTree = "<group>";
		};
		96C452C528EA81C00027CA37 /* LaunchScreen.storyboard */ = {
			isa = PBXVariantGroup;
			children = (
				96C452C628EA81C00027CA37 /* Base */,
			);
			name = LaunchScreen.storyboard;
			sourceTree = "<group>";
		};
/* End PBXVariantGroup section */

/* Begin XCBuildConfiguration section */
		96C452C928EA81C00027CA37 /* Debug */ = {
			isa = XCBuildConfiguration;
			buildSettings = {
				ALWAYS_SEARCH_USER_PATHS = NO;
				CLANG_ANALYZER_NONNULL = YES;
				CLANG_ANALYZER_NUMBER_OBJECT_CONVERSION = YES_AGGRESSIVE;
				CLANG_CXX_LANGUAGE_STANDARD = "gnu++20";
				CLANG_ENABLE_MODULES = YES;
				CLANG_ENABLE_OBJC_ARC = YES;
				CLANG_ENABLE_OBJC_WEAK = YES;
				CLANG_WARN_BLOCK_CAPTURE_AUTORELEASING = YES;
				CLANG_WARN_BOOL_CONVERSION = YES;
				CLANG_WARN_COMMA = YES;
				CLANG_WARN_CONSTANT_CONVERSION = YES;
				CLANG_WARN_DEPRECATED_OBJC_IMPLEMENTATIONS = YES;
				CLANG_WARN_DIRECT_OBJC_ISA_USAGE = YES_ERROR;
				CLANG_WARN_DOCUMENTATION_COMMENTS = YES;
				CLANG_WARN_EMPTY_BODY = YES;
				CLANG_WARN_ENUM_CONVERSION = YES;
				CLANG_WARN_INFINITE_RECURSION = YES;
				CLANG_WARN_INT_CONVERSION = YES;
				CLANG_WARN_NON_LITERAL_NULL_CONVERSION = YES;
				CLANG_WARN_OBJC_IMPLICIT_RETAIN_SELF = YES;
				CLANG_WARN_OBJC_LITERAL_CONVERSION = YES;
				CLANG_WARN_OBJC_ROOT_CLASS = YES_ERROR;
				CLANG_WARN_QUOTED_INCLUDE_IN_FRAMEWORK_HEADER = YES;
				CLANG_WARN_RANGE_LOOP_ANALYSIS = YES;
				CLANG_WARN_STRICT_PROTOTYPES = YES;
				CLANG_WARN_SUSPICIOUS_MOVE = YES;
				CLANG_WARN_UNGUARDED_AVAILABILITY = YES_AGGRESSIVE;
				CLANG_WARN_UNREACHABLE_CODE = YES;
				CLANG_WARN__DUPLICATE_METHOD_MATCH = YES;
				COPY_PHASE_STRIP = NO;
				DEBUG_INFORMATION_FORMAT = dwarf;
				ENABLE_STRICT_OBJC_MSGSEND = YES;
				ENABLE_TESTABILITY = YES;
				GCC_C_LANGUAGE_STANDARD = gnu11;
				GCC_DYNAMIC_NO_PIC = NO;
				GCC_NO_COMMON_BLOCKS = YES;
				GCC_OPTIMIZATION_LEVEL = 0;
				GCC_PREPROCESSOR_DEFINITIONS = (
					"DEBUG=1",
					"$(inherited)",
				);
				GCC_WARN_64_TO_32_BIT_CONVERSION = YES;
				GCC_WARN_ABOUT_RETURN_TYPE = YES_ERROR;
				GCC_WARN_UNDECLARED_SELECTOR = YES;
				GCC_WARN_UNINITIALIZED_AUTOS = YES_AGGRESSIVE;
				GCC_WARN_UNUSED_FUNCTION = YES;
				GCC_WARN_UNUSED_VARIABLE = YES;
				IPHONEOS_DEPLOYMENT_TARGET = 16.0;
				MTL_ENABLE_DEBUG_INFO = INCLUDE_SOURCE;
				MTL_FAST_MATH = YES;
				ONLY_ACTIVE_ARCH = YES;
				SDKROOT = iphoneos;
				SWIFT_ACTIVE_COMPILATION_CONDITIONS = DEBUG;
				SWIFT_OPTIMIZATION_LEVEL = "-Onone";
			};
			name = Debug;
		};
		96C452CA28EA81C00027CA37 /* Release */ = {
			isa = XCBuildConfiguration;
			buildSettings = {
				ALWAYS_SEARCH_USER_PATHS = NO;
				CLANG_ANALYZER_NONNULL = YES;
				CLANG_ANALYZER_NUMBER_OBJECT_CONVERSION = YES_AGGRESSIVE;
				CLANG_CXX_LANGUAGE_STANDARD = "gnu++20";
				CLANG_ENABLE_MODULES = YES;
				CLANG_ENABLE_OBJC_ARC = YES;
				CLANG_ENABLE_OBJC_WEAK = YES;
				CLANG_WARN_BLOCK_CAPTURE_AUTORELEASING = YES;
				CLANG_WARN_BOOL_CONVERSION = YES;
				CLANG_WARN_COMMA = YES;
				CLANG_WARN_CONSTANT_CONVERSION = YES;
				CLANG_WARN_DEPRECATED_OBJC_IMPLEMENTATIONS = YES;
				CLANG_WARN_DIRECT_OBJC_ISA_USAGE = YES_ERROR;
				CLANG_WARN_DOCUMENTATION_COMMENTS = YES;
				CLANG_WARN_EMPTY_BODY = YES;
				CLANG_WARN_ENUM_CONVERSION = YES;
				CLANG_WARN_INFINITE_RECURSION = YES;
				CLANG_WARN_INT_CONVERSION = YES;
				CLANG_WARN_NON_LITERAL_NULL_CONVERSION = YES;
				CLANG_WARN_OBJC_IMPLICIT_RETAIN_SELF = YES;
				CLANG_WARN_OBJC_LITERAL_CONVERSION = YES;
				CLANG_WARN_OBJC_ROOT_CLASS = YES_ERROR;
				CLANG_WARN_QUOTED_INCLUDE_IN_FRAMEWORK_HEADER = YES;
				CLANG_WARN_RANGE_LOOP_ANALYSIS = YES;
				CLANG_WARN_STRICT_PROTOTYPES = YES;
				CLANG_WARN_SUSPICIOUS_MOVE = YES;
				CLANG_WARN_UNGUARDED_AVAILABILITY = YES_AGGRESSIVE;
				CLANG_WARN_UNREACHABLE_CODE = YES;
				CLANG_WARN__DUPLICATE_METHOD_MATCH = YES;
				COPY_PHASE_STRIP = NO;
				DEBUG_INFORMATION_FORMAT = "dwarf-with-dsym";
				ENABLE_NS_ASSERTIONS = NO;
				ENABLE_STRICT_OBJC_MSGSEND = YES;
				GCC_C_LANGUAGE_STANDARD = gnu11;
				GCC_NO_COMMON_BLOCKS = YES;
				GCC_WARN_64_TO_32_BIT_CONVERSION = YES;
				GCC_WARN_ABOUT_RETURN_TYPE = YES_ERROR;
				GCC_WARN_UNDECLARED_SELECTOR = YES;
				GCC_WARN_UNINITIALIZED_AUTOS = YES_AGGRESSIVE;
				GCC_WARN_UNUSED_FUNCTION = YES;
				GCC_WARN_UNUSED_VARIABLE = YES;
				IPHONEOS_DEPLOYMENT_TARGET = 16.0;
				MTL_ENABLE_DEBUG_INFO = NO;
				MTL_FAST_MATH = YES;
				SDKROOT = iphoneos;
				SWIFT_COMPILATION_MODE = wholemodule;
				SWIFT_OPTIMIZATION_LEVEL = "-O";
				VALIDATE_PRODUCT = YES;
			};
			name = Release;
		};
		96C452CC28EA81C00027CA37 /* Debug */ = {
			isa = XCBuildConfiguration;
			buildSettings = {
				ASSETCATALOG_COMPILER_APPICON_NAME = AppIcon;
				ASSETCATALOG_COMPILER_GLOBAL_ACCENT_COLOR_NAME = AccentColor;
				CODE_SIGN_STYLE = Automatic;
				CURRENT_PROJECT_VERSION = 1;
				DEVELOPMENT_TEAM = 23A3GHHQY7;
				GENERATE_INFOPLIST_FILE = YES;
				INFOPLIST_FILE = UnitTest/Info.plist;
				INFOPLIST_KEY_UIApplicationSupportsIndirectInputEvents = YES;
				INFOPLIST_KEY_UILaunchStoryboardName = LaunchScreen;
				INFOPLIST_KEY_UIMainStoryboardFile = Main;
				INFOPLIST_KEY_UISupportedInterfaceOrientations_iPad = "UIInterfaceOrientationPortrait UIInterfaceOrientationPortraitUpsideDown UIInterfaceOrientationLandscapeLeft UIInterfaceOrientationLandscapeRight";
				INFOPLIST_KEY_UISupportedInterfaceOrientations_iPhone = "UIInterfaceOrientationPortrait UIInterfaceOrientationLandscapeLeft UIInterfaceOrientationLandscapeRight";
				IPHONEOS_DEPLOYMENT_TARGET = 13.0;
				LD_RUNPATH_SEARCH_PATHS = (
					"$(inherited)",
					"@executable_path/Frameworks",
				);
				MARKETING_VERSION = 1.0;
				PRODUCT_BUNDLE_IDENTIFIER = com.saritasa.UnitTest;
				PRODUCT_NAME = "$(TARGET_NAME)";
				SWIFT_EMIT_LOC_STRINGS = YES;
				SWIFT_VERSION = 5.0;
				TARGETED_DEVICE_FAMILY = "1,2";
			};
			name = Debug;
		};
		96C452CD28EA81C00027CA37 /* Release */ = {
			isa = XCBuildConfiguration;
			buildSettings = {
				ASSETCATALOG_COMPILER_APPICON_NAME = AppIcon;
				ASSETCATALOG_COMPILER_GLOBAL_ACCENT_COLOR_NAME = AccentColor;
				CODE_SIGN_STYLE = Automatic;
				CURRENT_PROJECT_VERSION = 1;
				DEVELOPMENT_TEAM = 23A3GHHQY7;
				GENERATE_INFOPLIST_FILE = YES;
				INFOPLIST_FILE = UnitTest/Info.plist;
				INFOPLIST_KEY_UIApplicationSupportsIndirectInputEvents = YES;
				INFOPLIST_KEY_UILaunchStoryboardName = LaunchScreen;
				INFOPLIST_KEY_UIMainStoryboardFile = Main;
				INFOPLIST_KEY_UISupportedInterfaceOrientations_iPad = "UIInterfaceOrientationPortrait UIInterfaceOrientationPortraitUpsideDown UIInterfaceOrientationLandscapeLeft UIInterfaceOrientationLandscapeRight";
				INFOPLIST_KEY_UISupportedInterfaceOrientations_iPhone = "UIInterfaceOrientationPortrait UIInterfaceOrientationLandscapeLeft UIInterfaceOrientationLandscapeRight";
				IPHONEOS_DEPLOYMENT_TARGET = 13.0;
				LD_RUNPATH_SEARCH_PATHS = (
					"$(inherited)",
					"@executable_path/Frameworks",
				);
				MARKETING_VERSION = 1.0;
				PRODUCT_BUNDLE_IDENTIFIER = com.saritasa.UnitTest;
				PRODUCT_NAME = "$(TARGET_NAME)";
				SWIFT_EMIT_LOC_STRINGS = YES;
				SWIFT_VERSION = 5.0;
				TARGETED_DEVICE_FAMILY = "1,2";
			};
			name = Release;
		};
		96C452D928EA823B0027CA37 /* Debug */ = {
			isa = XCBuildConfiguration;
			buildSettings = {
				CODE_SIGN_STYLE = Automatic;
				CURRENT_PROJECT_VERSION = 1;
				GENERATE_INFOPLIST_FILE = YES;
				IPHONEOS_DEPLOYMENT_TARGET = 13.0;
				MARKETING_VERSION = 1.0;
				PRODUCT_BUNDLE_IDENTIFIER = com.saritasa.UnitTestTests;
				PRODUCT_NAME = "$(TARGET_NAME)";
				SWIFT_EMIT_LOC_STRINGS = NO;
				SWIFT_VERSION = 5.0;
				TARGETED_DEVICE_FAMILY = "1,2";
				TEST_HOST = "$(BUILT_PRODUCTS_DIR)/UnitTest.app/$(BUNDLE_EXECUTABLE_FOLDER_PATH)/UnitTest";
			};
			name = Debug;
		};
		96C452DA28EA823B0027CA37 /* Release */ = {
			isa = XCBuildConfiguration;
			buildSettings = {
				CODE_SIGN_STYLE = Automatic;
				CURRENT_PROJECT_VERSION = 1;
				GENERATE_INFOPLIST_FILE = YES;
				IPHONEOS_DEPLOYMENT_TARGET = 13.0;
				MARKETING_VERSION = 1.0;
				PRODUCT_BUNDLE_IDENTIFIER = com.saritasa.UnitTestTests;
				PRODUCT_NAME = "$(TARGET_NAME)";
				SWIFT_EMIT_LOC_STRINGS = NO;
				SWIFT_VERSION = 5.0;
				TARGETED_DEVICE_FAMILY = "1,2";
				TEST_HOST = "$(BUILT_PRODUCTS_DIR)/UnitTest.app/$(BUNDLE_EXECUTABLE_FOLDER_PATH)/UnitTest";
			};
			name = Release;
		};
/* End XCBuildConfiguration section */

/* Begin XCConfigurationList section */
		96C452B228EA81BF0027CA37 /* Build configuration list for PBXProject "UnitTest" */ = {
			isa = XCConfigurationList;
			buildConfigurations = (
				96C452C928EA81C00027CA37 /* Debug */,
				96C452CA28EA81C00027CA37 /* Release */,
			);
			defaultConfigurationIsVisible = 0;
			defaultConfigurationName = Release;
		};
		96C452CB28EA81C00027CA37 /* Build configuration list for PBXNativeTarget "UnitTest" */ = {
			isa = XCConfigurationList;
			buildConfigurations = (
				96C452CC28EA81C00027CA37 /* Debug */,
				96C452CD28EA81C00027CA37 /* Release */,
			);
			defaultConfigurationIsVisible = 0;
			defaultConfigurationName = Release;
		};
		96C452D828EA823B0027CA37 /* Build configuration list for PBXNativeTarget "UnitTestTests" */ = {
			isa = XCConfigurationList;
			buildConfigurations = (
				96C452D928EA823B0027CA37 /* Debug */,
				96C452DA28EA823B0027CA37 /* Release */,
			);
			defaultConfigurationIsVisible = 0;
			defaultConfigurationName = Release;
		};
/* End XCConfigurationList section */
	};
	rootObject = 96C452AF28EA81BF0027CA37 /* Project object */;
}
